
Microsoft Visual Studio Solution File, Format Version 12.00
# Visual Studio Version 16
VisualStudioVersion = 16.0.29403.142
MinimumVisualStudioVersion = 10.0.40219.1
Project("{9A19103F-16F7-4668-BE54-9A1E7A4F7556}") = "MeetingCaptureWebApp", "MeetingCaptureWebApp\MeetingCaptureWebApp.csproj", "{52536B2F-6E61-406B-8DB9-2F11078819C4}"
EndProject
Project("{FAE04EC0-301F-11D3-BF4B-00C04F79EFBC}") = "MeetingCaptureWebJob", "MeetingCaptureWebJob\MeetingCaptureWebJob.csproj", "{7F277E80-C468-48DE-B79D-353A716EB6C9}"
EndProject
Global
	GlobalSection(SolutionConfigurationPlatforms) = preSolution
		Debug|Any CPU = Debug|Any CPU
		Release|Any CPU = Release|Any CPU
	EndGlobalSection
	GlobalSection(ProjectConfigurationPlatforms) = postSolution
		{52536B2F-6E61-406B-8DB9-2F11078819C4}.Debug|Any CPU.ActiveCfg = Debug|Any CPU
		{52536B2F-6E61-406B-8DB9-2F11078819C4}.Debug|Any CPU.Build.0 = Debug|Any CPU
		{52536B2F-6E61-406B-8DB9-2F11078819C4}.Release|Any CPU.ActiveCfg = Release|Any CPU
		{52536B2F-6E61-406B-8DB9-2F11078819C4}.Release|Any CPU.Build.0 = Release|Any CPU
		{7F277E80-C468-48DE-B79D-353A716EB6C9}.Debug|Any CPU.ActiveCfg = Debug|Any CPU
		{7F277E80-C468-48DE-B79D-353A716EB6C9}.Debug|Any CPU.Build.0 = Debug|Any CPU
		{7F277E80-C468-48DE-B79D-353A716EB6C9}.Release|Any CPU.ActiveCfg = Release|Any CPU
		{7F277E80-C468-48DE-B79D-353A716EB6C9}.Release|Any CPU.Build.0 = Release|Any CPU
	EndGlobalSection
	GlobalSection(SolutionProperties) = preSolution
		HideSolutionNode = FALSE
	EndGlobalSection
	GlobalSection(ExtensibilityGlobals) = postSolution
		SolutionGuid = {8590E723-56F6-4C32-9076-35D9AEF75231}
	EndGlobalSection
EndGlobal
